
Microsoft Visual Studio Solution File, Format Version 12.00
# Visual Studio 15
VisualStudioVersion = 15.0.27703.2026
MinimumVisualStudioVersion = 10.0.40219.1
Project("{8BC9CEB8-8B4A-11D0-8D11-00A0C91BC942}") = "Airhockey", "Airhockey.vcxproj", "{EF2144A7-2F5A-4F71-AADD-F7A7032C4037}"
EndProject
Global
	GlobalSection(SolutionConfigurationPlatforms) = preSolution
		Debug|x64 = Debug|x64
		Debug|x86 = Debug|x86
		Release|x64 = Release|x64
		Release|x86 = Release|x86
	EndGlobalSection
	GlobalSection(ProjectConfigurationPlatforms) = postSolution
		{EF2144A7-2F5A-4F71-AADD-F7A7032C4037}.Debug|x64.ActiveCfg = Debug|x64
		{EF2144A7-2F5A-4F71-AADD-F7A7032C4037}.Debug|x64.Build.0 = Debug|x64
		{EF2144A7-2F5A-4F71-AADD-F7A7032C4037}.Debug|x86.ActiveCfg = Debug|Win32
		{EF2144A7-2F5A-4F71-AADD-F7A7032C4037}.Debug|x86.Build.0 = Debug|Win32
		{EF2144A7-2F5A-4F71-AADD-F7A7032C4037}.Release|x64.ActiveCfg = Release|x64
		{EF2144A7-2F5A-4F71-AADD-F7A7032C4037}.Release|x64.Build.0 = Release|x64
		{EF2144A7-2F5A-4F71-AADD-F7A7032C4037}.Release|x86.ActiveCfg = Release|Win32
		{EF2144A7-2F5A-4F71-AADD-F7A7032C4037}.Release|x86.Build.0 = Release|Win32
	EndGlobalSection
	GlobalSection(SolutionProperties) = preSolution
		HideSolutionNode = FALSE
	EndGlobalSection
	GlobalSection(ExtensibilityGlobals) = postSolution
		SolutionGuid = {9726E67F-D949-4A3A-AC3E-E25DD07ACB91}
	EndGlobalSection
EndGlobal
